
Microsoft Visual Studio Solution File, Format Version 12.00
# Visual Studio Version 17
VisualStudioVersion = 17.4.33205.214
MinimumVisualStudioVersion = 10.0.40219.1
Project("{FAE04EC0-301F-11D3-BF4B-00C04F79EFBC}") = "Register.API", "Register.API.csproj", "{D45CB76A-86D2-42B2-8C8E-6BB714347A21}"
EndProject
Global
	GlobalSection(SolutionConfigurationPlatforms) = preSolution
		Debug|Any CPU = Debug|Any CPU
		Release|Any CPU = Release|Any CPU
	EndGlobalSection
	GlobalSection(ProjectConfigurationPlatforms) = postSolution
		{D45CB76A-86D2-42B2-8C8E-6BB714347A21}.Debug|Any CPU.ActiveCfg = Debug|Any CPU
		{D45CB76A-86D2-42B2-8C8E-6BB714347A21}.Debug|Any CPU.Build.0 = Debug|Any CPU
		{D45CB76A-86D2-42B2-8C8E-6BB714347A21}.Release|Any CPU.ActiveCfg = Release|Any CPU
		{D45CB76A-86D2-42B2-8C8E-6BB714347A21}.Release|Any CPU.Build.0 = Release|Any CPU
	EndGlobalSection
	GlobalSection(SolutionProperties) = preSolution
		HideSolutionNode = FALSE
	EndGlobalSection
	GlobalSection(ExtensibilityGlobals) = postSolution
		SolutionGuid = {0F2280B6-FD7E-4A44-B0C0-FD24BA89FB0F}
	EndGlobalSection
EndGlobal
